// !$*UTF8*$!
{
	archiveVersion = 1;
	classes = {
	};
	objectVersion = 56;
	objects = {

/* Begin PBXBuildFile section */
		04B5C6EE2D6067F4007E55C0 /* POIFinderAppApp.swift in Sources */ = {isa = PBXBuildFile; fileRef = 04B5C6ED2D6067F4007E55C0 /* POIFinderAppApp.swift */; };
		04B5C6F02D6067F4007E55C0 /* ContentView.swift in Sources */ = {isa = PBXBuildFile; fileRef = 04B5C6EF2D6067F4007E55C0 /* ContentView.swift */; };
		04B5C6F22D6067F9007E55C0 /* Assets.xcassets in Resources */ = {isa = PBXBuildFile; fileRef = 04B5C6F12D6067F9007E55C0 /* Assets.xcassets */; };
		04B5C6F52D6067F9007E55C0 /* Preview Assets.xcassets in Resources */ = {isa = PBXBuildFile; fileRef = 04B5C6F42D6067F9007E55C0 /* Preview Assets.xcassets */; };
		04B5C6F72D6067F9007E55C0 /* Persistence.swift in Sources */ = {isa = PBXBuildFile; fileRef = 04B5C6F62D6067F9007E55C0 /* Persistence.swift */; };
		04B5C6FA2D6067F9007E55C0 /* POIFinderApp.xcdatamodeld in Sources */ = {isa = PBXBuildFile; fileRef = 04B5C6F82D6067F9007E55C0 /* POIFinderApp.xcdatamodeld */; };
		04B5C7042D6067FA007E55C0 /* POIFinderAppTests.swift in Sources */ = {isa = PBXBuildFile; fileRef = 04B5C7032D6067FA007E55C0 /* POIFinderAppTests.swift */; };
		04B5C70E2D6067FA007E55C0 /* POIFinderAppUITests.swift in Sources */ = {isa = PBXBuildFile; fileRef = 04B5C70D2D6067FA007E55C0 /* POIFinderAppUITests.swift */; };
		04B5C7102D6067FA007E55C0 /* POIFinderAppUITestsLaunchTests.swift in Sources */ = {isa = PBXBuildFile; fileRef = 04B5C70F2D6067FA007E55C0 /* POIFinderAppUITestsLaunchTests.swift */; };
		04B5C71E2D60866E007E55C0 /* LocationService.swift in Sources */ = {isa = PBXBuildFile; fileRef = 04B5C71D2D60866E007E55C0 /* LocationService.swift */; };
/* End PBXBuildFile section */

/* Begin PBXContainerItemProxy section */
		04B5C7002D6067FA007E55C0 /* PBXContainerItemProxy */ = {
			isa = PBXContainerItemProxy;
			containerPortal = 04B5C6E22D6067F4007E55C0 /* Project object */;
			proxyType = 1;
			remoteGlobalIDString = 04B5C6E92D6067F4007E55C0;
			remoteInfo = POIFinderApp;
		};
		04B5C70A2D6067FA007E55C0 /* PBXContainerItemProxy */ = {
			isa = PBXContainerItemProxy;
			containerPortal = 04B5C6E22D6067F4007E55C0 /* Project object */;
			proxyType = 1;
			remoteGlobalIDString = 04B5C6E92D6067F4007E55C0;
			remoteInfo = POIFinderApp;
		};
/* End PBXContainerItemProxy section */

/* Begin PBXFileReference section */
		04B5C6EA2D6067F4007E55C0 /* POIFinderApp.app */ = {isa = PBXFileReference; explicitFileType = wrapper.application; includeInIndex = 0; path = POIFinderApp.app; sourceTree = BUILT_PRODUCTS_DIR; };
		04B5C6ED2D6067F4007E55C0 /* POIFinderAppApp.swift */ = {isa = PBXFileReference; lastKnownFileType = sourcecode.swift; path = POIFinderAppApp.swift; sourceTree = "<group>"; };
		04B5C6EF2D6067F4007E55C0 /* ContentView.swift */ = {isa = PBXFileReference; lastKnownFileType = sourcecode.swift; path = ContentView.swift; sourceTree = "<group>"; };
		04B5C6F12D6067F9007E55C0 /* Assets.xcassets */ = {isa = PBXFileReference; lastKnownFileType = folder.assetcatalog; path = Assets.xcassets; sourceTree = "<group>"; };
		04B5C6F42D6067F9007E55C0 /* Preview Assets.xcassets */ = {isa = PBXFileReference; lastKnownFileType = folder.assetcatalog; path = "Preview Assets.xcassets"; sourceTree = "<group>"; };
		04B5C6F62D6067F9007E55C0 /* Persistence.swift */ = {isa = PBXFileReference; lastKnownFileType = sourcecode.swift; path = Persistence.swift; sourceTree = "<group>"; };
		04B5C6F92D6067F9007E55C0 /* POIFinderApp.xcdatamodel */ = {isa = PBXFileReference; lastKnownFileType = wrapper.xcdatamodel; path = POIFinderApp.xcdatamodel; sourceTree = "<group>"; };
		04B5C6FF2D6067FA007E55C0 /* POIFinderAppTests.xctest */ = {isa = PBXFileReference; explicitFileType = wrapper.cfbundle; includeInIndex = 0; path = POIFinderAppTests.xctest; sourceTree = BUILT_PRODUCTS_DIR; };
		04B5C7032D6067FA007E55C0 /* POIFinderAppTests.swift */ = {isa = PBXFileReference; lastKnownFileType = sourcecode.swift; path = POIFinderAppTests.swift; sourceTree = "<group>"; };
		04B5C7092D6067FA007E55C0 /* POIFinderAppUITests.xctest */ = {isa = PBXFileReference; explicitFileType = wrapper.cfbundle; includeInIndex = 0; path = POIFinderAppUITests.xctest; sourceTree = BUILT_PRODUCTS_DIR; };
		04B5C70D2D6067FA007E55C0 /* POIFinderAppUITests.swift */ = {isa = PBXFileReference; lastKnownFileType = sourcecode.swift; path = POIFinderAppUITests.swift; sourceTree = "<group>"; };
		04B5C70F2D6067FA007E55C0 /* POIFinderAppUITestsLaunchTests.swift */ = {isa = PBXFileReference; lastKnownFileType = sourcecode.swift; path = POIFinderAppUITestsLaunchTests.swift; sourceTree = "<group>"; };
		04B5C71D2D60866E007E55C0 /* LocationService.swift */ = {isa = PBXFileReference; lastKnownFileType = sourcecode.swift; path = LocationService.swift; sourceTree = "<group>"; };
/* End PBXFileReference section */

/* Begin PBXFrameworksBuildPhase section */
		04B5C6E72D6067F4007E55C0 /* Frameworks */ = {
			isa = PBXFrameworksBuildPhase;
			buildActionMask = 2147483647;
			files = (
			);
			runOnlyForDeploymentPostprocessing = 0;
		};
		04B5C6FC2D6067FA007E55C0 /* Frameworks */ = {
			isa = PBXFrameworksBuildPhase;
			buildActionMask = 2147483647;
			files = (
			);
			runOnlyForDeploymentPostprocessing = 0;
		};
		04B5C7062D6067FA007E55C0 /* Frameworks */ = {
			isa = PBXFrameworksBuildPhase;
			buildActionMask = 2147483647;
			files = (
			);
			runOnlyForDeploymentPostprocessing = 0;
		};
/* End PBXFrameworksBuildPhase section */

/* Begin PBXGroup section */
		04B5C6E12D6067F4007E55C0 = {
			isa = PBXGroup;
			children = (
				04B5C6EC2D6067F4007E55C0 /* POIFinderApp */,
				04B5C7022D6067FA007E55C0 /* POIFinderAppTests */,
				04B5C70C2D6067FA007E55C0 /* POIFinderAppUITests */,
				04B5C6EB2D6067F4007E55C0 /* Products */,
			);
			sourceTree = "<group>";
		};
		04B5C6EB2D6067F4007E55C0 /* Products */ = {
			isa = PBXGroup;
			children = (
				04B5C6EA2D6067F4007E55C0 /* POIFinderApp.app */,
				04B5C6FF2D6067FA007E55C0 /* POIFinderAppTests.xctest */,
				04B5C7092D6067FA007E55C0 /* POIFinderAppUITests.xctest */,
			);
			name = Products;
			sourceTree = "<group>";
		};
		04B5C6EC2D6067F4007E55C0 /* POIFinderApp */ = {
			isa = PBXGroup;
			children = (
				04B5C71C2D60802C007E55C0 /* Services */,
				04B5C6ED2D6067F4007E55C0 /* POIFinderAppApp.swift */,
				04B5C6EF2D6067F4007E55C0 /* ContentView.swift */,
				04B5C6F12D6067F9007E55C0 /* Assets.xcassets */,
				04B5C6F62D6067F9007E55C0 /* Persistence.swift */,
				04B5C6F82D6067F9007E55C0 /* POIFinderApp.xcdatamodeld */,
				04B5C6F32D6067F9007E55C0 /* Preview Content */,
			);
			path = POIFinderApp;
			sourceTree = "<group>";
		};
		04B5C6F32D6067F9007E55C0 /* Preview Content */ = {
			isa = PBXGroup;
			children = (
				04B5C6F42D6067F9007E55C0 /* Preview Assets.xcassets */,
			);
			path = "Preview Content";
			sourceTree = "<group>";
		};
		04B5C7022D6067FA007E55C0 /* POIFinderAppTests */ = {
			isa = PBXGroup;
			children = (
				04B5C7032D6067FA007E55C0 /* POIFinderAppTests.swift */,
			);
			path = POIFinderAppTests;
			sourceTree = "<group>";
		};
		04B5C70C2D6067FA007E55C0 /* POIFinderAppUITests */ = {
			isa = PBXGroup;
			children = (
				04B5C70D2D6067FA007E55C0 /* POIFinderAppUITests.swift */,
				04B5C70F2D6067FA007E55C0 /* POIFinderAppUITestsLaunchTests.swift */,
			);
			path = POIFinderAppUITests;
			sourceTree = "<group>";
		};
		04B5C71C2D60802C007E55C0 /* Services */ = {
			isa = PBXGroup;
			children = (
				04B5C71D2D60866E007E55C0 /* LocationService.swift */,
			);
			path = Services;
			sourceTree = "<group>";
		};
/* End PBXGroup section */

/* Begin PBXNativeTarget section */
		04B5C6E92D6067F4007E55C0 /* POIFinderApp */ = {
			isa = PBXNativeTarget;
			buildConfigurationList = 04B5C7132D6067FA007E55C0 /* Build configuration list for PBXNativeTarget "POIFinderApp" */;
			buildPhases = (
				04B5C6E62D6067F4007E55C0 /* Sources */,
				04B5C6E72D6067F4007E55C0 /* Frameworks */,
				04B5C6E82D6067F4007E55C0 /* Resources */,
			);
			buildRules = (
			);
			dependencies = (
			);
			name = POIFinderApp;
			productName = POIFinderApp;
			productReference = 04B5C6EA2D6067F4007E55C0 /* POIFinderApp.app */;
			productType = "com.apple.product-type.application";
		};
		04B5C6FE2D6067FA007E55C0 /* POIFinderAppTests */ = {
			isa = PBXNativeTarget;
			buildConfigurationList = 04B5C7162D6067FA007E55C0 /* Build configuration list for PBXNativeTarget "POIFinderAppTests" */;
			buildPhases = (
				04B5C6FB2D6067FA007E55C0 /* Sources */,
				04B5C6FC2D6067FA007E55C0 /* Frameworks */,
				04B5C6FD2D6067FA007E55C0 /* Resources */,
			);
			buildRules = (
			);
			dependencies = (
				04B5C7012D6067FA007E55C0 /* PBXTargetDependency */,
			);
			name = POIFinderAppTests;
			productName = POIFinderAppTests;
			productReference = 04B5C6FF2D6067FA007E55C0 /* POIFinderAppTests.xctest */;
			productType = "com.apple.product-type.bundle.unit-test";
		};
		04B5C7082D6067FA007E55C0 /* POIFinderAppUITests */ = {
			isa = PBXNativeTarget;
			buildConfigurationList = 04B5C7192D6067FA007E55C0 /* Build configuration list for PBXNativeTarget "POIFinderAppUITests" */;
			buildPhases = (
				04B5C7052D6067FA007E55C0 /* Sources */,
				04B5C7062D6067FA007E55C0 /* Frameworks */,
				04B5C7072D6067FA007E55C0 /* Resources */,
			);
			buildRules = (
			);
			dependencies = (
				04B5C70B2D6067FA007E55C0 /* PBXTargetDependency */,
			);
			name = POIFinderAppUITests;
			productName = POIFinderAppUITests;
			productReference = 04B5C7092D6067FA007E55C0 /* POIFinderAppUITests.xctest */;
			productType = "com.apple.product-type.bundle.ui-testing";
		};
/* End PBXNativeTarget section */

/* Begin PBXProject section */
		04B5C6E22D6067F4007E55C0 /* Project object */ = {
			isa = PBXProject;
			attributes = {
				BuildIndependentTargetsInParallel = 1;
				LastSwiftUpdateCheck = 1510;
				LastUpgradeCheck = 1510;
				TargetAttributes = {
					04B5C6E92D6067F4007E55C0 = {
						CreatedOnToolsVersion = 15.1;
					};
					04B5C6FE2D6067FA007E55C0 = {
						CreatedOnToolsVersion = 15.1;
						TestTargetID = 04B5C6E92D6067F4007E55C0;
					};
					04B5C7082D6067FA007E55C0 = {
						CreatedOnToolsVersion = 15.1;
						TestTargetID = 04B5C6E92D6067F4007E55C0;
					};
				};
			};
			buildConfigurationList = 04B5C6E52D6067F4007E55C0 /* Build configuration list for PBXProject "POIFinderApp" */;
			compatibilityVersion = "Xcode 14.0";
			developmentRegion = en;
			hasScannedForEncodings = 0;
			knownRegions = (
				en,
				Base,
			);
			mainGroup = 04B5C6E12D6067F4007E55C0;
			productRefGroup = 04B5C6EB2D6067F4007E55C0 /* Products */;
			projectDirPath = "";
			projectRoot = "";
			targets = (
				04B5C6E92D6067F4007E55C0 /* POIFinderApp */,
				04B5C6FE2D6067FA007E55C0 /* POIFinderAppTests */,
				04B5C7082D6067FA007E55C0 /* POIFinderAppUITests */,
			);
		};
/* End PBXProject section */

/* Begin PBXResourcesBuildPhase section */
		04B5C6E82D6067F4007E55C0 /* Resources */ = {
			isa = PBXResourcesBuildPhase;
			buildActionMask = 2147483647;
			files = (
				04B5C6F52D6067F9007E55C0 /* Preview Assets.xcassets in Resources */,
				04B5C6F22D6067F9007E55C0 /* Assets.xcassets in Resources */,
			);
			runOnlyForDeploymentPostprocessing = 0;
		};
		04B5C6FD2D6067FA007E55C0 /* Resources */ = {
			isa = PBXResourcesBuildPhase;
			buildActionMask = 2147483647;
			files = (
			);
			runOnlyForDeploymentPostprocessing = 0;
		};
		04B5C7072D6067FA007E55C0 /* Resources */ = {
			isa = PBXResourcesBuildPhase;
			buildActionMask = 2147483647;
			files = (
			);
			runOnlyForDeploymentPostprocessing = 0;
		};
/* End PBXResourcesBuildPhase section */

/* Begin PBXSourcesBuildPhase section */
		04B5C6E62D6067F4007E55C0 /* Sources */ = {
			isa = PBXSourcesBuildPhase;
			buildActionMask = 2147483647;
			files = (
				04B5C6F72D6067F9007E55C0 /* Persistence.swift in Sources */,
				04B5C6F02D6067F4007E55C0 /* ContentView.swift in Sources */,
				04B5C71E2D60866E007E55C0 /* LocationService.swift in Sources */,
				04B5C6FA2D6067F9007E55C0 /* POIFinderApp.xcdatamodeld in Sources */,
				04B5C6EE2D6067F4007E55C0 /* POIFinderAppApp.swift in Sources */,
			);
			runOnlyForDeploymentPostprocessing = 0;
		};
		04B5C6FB2D6067FA007E55C0 /* Sources */ = {
			isa = PBXSourcesBuildPhase;
			buildActionMask = 2147483647;
			files = (
				04B5C7042D6067FA007E55C0 /* POIFinderAppTests.swift in Sources */,
			);
			runOnlyForDeploymentPostprocessing = 0;
		};
		04B5C7052D6067FA007E55C0 /* Sources */ = {
			isa = PBXSourcesBuildPhase;
			buildActionMask = 2147483647;
			files = (
				04B5C70E2D6067FA007E55C0 /* POIFinderAppUITests.swift in Sources */,
				04B5C7102D6067FA007E55C0 /* POIFinderAppUITestsLaunchTests.swift in Sources */,
			);
			runOnlyForDeploymentPostprocessing = 0;
		};
/* End PBXSourcesBuildPhase section */

/* Begin PBXTargetDependency section */
		04B5C7012D6067FA007E55C0 /* PBXTargetDependency */ = {
			isa = PBXTargetDependency;
			target = 04B5C6E92D6067F4007E55C0 /* POIFinderApp */;
			targetProxy = 04B5C7002D6067FA007E55C0 /* PBXContainerItemProxy */;
		};
		04B5C70B2D6067FA007E55C0 /* PBXTargetDependency */ = {
			isa = PBXTargetDependency;
			target = 04B5C6E92D6067F4007E55C0 /* POIFinderApp */;
			targetProxy = 04B5C70A2D6067FA007E55C0 /* PBXContainerItemProxy */;
		};
/* End PBXTargetDependency section */

/* Begin XCBuildConfiguration section */
		04B5C7112D6067FA007E55C0 /* Debug */ = {
			isa = XCBuildConfiguration;
			buildSettings = {
				ALWAYS_SEARCH_USER_PATHS = NO;
				ASSETCATALOG_COMPILER_GENERATE_SWIFT_ASSET_SYMBOL_EXTENSIONS = YES;
				CLANG_ANALYZER_NONNULL = YES;
				CLANG_ANALYZER_NUMBER_OBJECT_CONVERSION = YES_AGGRESSIVE;
				CLANG_CXX_LANGUAGE_STANDARD = "gnu++20";
				CLANG_ENABLE_MODULES = YES;
				CLANG_ENABLE_OBJC_ARC = YES;
				CLANG_ENABLE_OBJC_WEAK = YES;
				CLANG_WARN_BLOCK_CAPTURE_AUTORELEASING = YES;
				CLANG_WARN_BOOL_CONVERSION = YES;
				CLANG_WARN_COMMA = YES;
				CLANG_WARN_CONSTANT_CONVERSION = YES;
				CLANG_WARN_DEPRECATED_OBJC_IMPLEMENTATIONS = YES;
				CLANG_WARN_DIRECT_OBJC_ISA_USAGE = YES_ERROR;
				CLANG_WARN_DOCUMENTATION_COMMENTS = YES;
				CLANG_WARN_EMPTY_BODY = YES;
				CLANG_WARN_ENUM_CONVERSION = YES;
				CLANG_WARN_INFINITE_RECURSION = YES;
				CLANG_WARN_INT_CONVERSION = YES;
				CLANG_WARN_NON_LITERAL_NULL_CONVERSION = YES;
				CLANG_WARN_OBJC_IMPLICIT_RETAIN_SELF = YES;
				CLANG_WARN_OBJC_LITERAL_CONVERSION = YES;
				CLANG_WARN_OBJC_ROOT_CLASS = YES_ERROR;
				CLANG_WARN_QUOTED_INCLUDE_IN_FRAMEWORK_HEADER = YES;
				CLANG_WARN_RANGE_LOOP_ANALYSIS = YES;
				CLANG_WARN_STRICT_PROTOTYPES = YES;
				CLANG_WARN_SUSPICIOUS_MOVE = YES;
				CLANG_WARN_UNGUARDED_AVAILABILITY = YES_AGGRESSIVE;
				CLANG_WARN_UNREACHABLE_CODE = YES;
				CLANG_WARN__DUPLICATE_METHOD_MATCH = YES;
				COPY_PHASE_STRIP = NO;
				DEBUG_INFORMATION_FORMAT = dwarf;
				ENABLE_STRICT_OBJC_MSGSEND = YES;
				ENABLE_TESTABILITY = YES;
				ENABLE_USER_SCRIPT_SANDBOXING = YES;
				GCC_C_LANGUAGE_STANDARD = gnu17;
				GCC_DYNAMIC_NO_PIC = NO;
				GCC_NO_COMMON_BLOCKS = YES;
				GCC_OPTIMIZATION_LEVEL = 0;
				GCC_PREPROCESSOR_DEFINITIONS = (
					"DEBUG=1",
					"$(inherited)",
				);
				GCC_WARN_64_TO_32_BIT_CONVERSION = YES;
				GCC_WARN_ABOUT_RETURN_TYPE = YES_ERROR;
				GCC_WARN_UNDECLARED_SELECTOR = YES;
				GCC_WARN_UNINITIALIZED_AUTOS = YES_AGGRESSIVE;
				GCC_WARN_UNUSED_FUNCTION = YES;
				GCC_WARN_UNUSED_VARIABLE = YES;
				IPHONEOS_DEPLOYMENT_TARGET = 17.2;
				LOCALIZATION_PREFERS_STRING_CATALOGS = YES;
				MTL_ENABLE_DEBUG_INFO = INCLUDE_SOURCE;
				MTL_FAST_MATH = YES;
				ONLY_ACTIVE_ARCH = YES;
				SDKROOT = iphoneos;
				SWIFT_ACTIVE_COMPILATION_CONDITIONS = "DEBUG $(inherited)";
				SWIFT_OPTIMIZATION_LEVEL = "-Onone";
			};
			name = Debug;
		};
		04B5C7122D6067FA007E55C0 /* Release */ = {
			isa = XCBuildConfiguration;
			buildSettings = {
				ALWAYS_SEARCH_USER_PATHS = NO;
				ASSETCATALOG_COMPILER_GENERATE_SWIFT_ASSET_SYMBOL_EXTENSIONS = YES;
				CLANG_ANALYZER_NONNULL = YES;
				CLANG_ANALYZER_NUMBER_OBJECT_CONVERSION = YES_AGGRESSIVE;
				CLANG_CXX_LANGUAGE_STANDARD = "gnu++20";
				CLANG_ENABLE_MODULES = YES;
				CLANG_ENABLE_OBJC_ARC = YES;
				CLANG_ENABLE_OBJC_WEAK = YES;
				CLANG_WARN_BLOCK_CAPTURE_AUTORELEASING = YES;
				CLANG_WARN_BOOL_CONVERSION = YES;
				CLANG_WARN_COMMA = YES;
				CLANG_WARN_CONSTANT_CONVERSION = YES;
				CLANG_WARN_DEPRECATED_OBJC_IMPLEMENTATIONS = YES;
				CLANG_WARN_DIRECT_OBJC_ISA_USAGE = YES_ERROR;
				CLANG_WARN_DOCUMENTATION_COMMENTS = YES;
				CLANG_WARN_EMPTY_BODY = YES;
				CLANG_WARN_ENUM_CONVERSION = YES;
				CLANG_WARN_INFINITE_RECURSION = YES;
				CLANG_WARN_INT_CONVERSION = YES;
				CLANG_WARN_NON_LITERAL_NULL_CONVERSION = YES;
				CLANG_WARN_OBJC_IMPLICIT_RETAIN_SELF = YES;
				CLANG_WARN_OBJC_LITERAL_CONVERSION = YES;
				CLANG_WARN_OBJC_ROOT_CLASS = YES_ERROR;
				CLANG_WARN_QUOTED_INCLUDE_IN_FRAMEWORK_HEADER = YES;
				CLANG_WARN_RANGE_LOOP_ANALYSIS = YES;
				CLANG_WARN_STRICT_PROTOTYPES = YES;
				CLANG_WARN_SUSPICIOUS_MOVE = YES;
				CLANG_WARN_UNGUARDED_AVAILABILITY = YES_AGGRESSIVE;
				CLANG_WARN_UNREACHABLE_CODE = YES;
				CLANG_WARN__DUPLICATE_METHOD_MATCH = YES;
				COPY_PHASE_STRIP = NO;
				DEBUG_INFORMATION_FORMAT = "dwarf-with-dsym";
				ENABLE_NS_ASSERTIONS = NO;
				ENABLE_STRICT_OBJC_MSGSEND = YES;
				ENABLE_USER_SCRIPT_SANDBOXING = YES;
				GCC_C_LANGUAGE_STANDARD = gnu17;
				GCC_NO_COMMON_BLOCKS = YES;
				GCC_WARN_64_TO_32_BIT_CONVERSION = YES;
				GCC_WARN_ABOUT_RETURN_TYPE = YES_ERROR;
				GCC_WARN_UNDECLARED_SELECTOR = YES;
				GCC_WARN_UNINITIALIZED_AUTOS = YES_AGGRESSIVE;
				GCC_WARN_UNUSED_FUNCTION = YES;
				GCC_WARN_UNUSED_VARIABLE = YES;
				IPHONEOS_DEPLOYMENT_TARGET = 17.2;
				LOCALIZATION_PREFERS_STRING_CATALOGS = YES;
				MTL_ENABLE_DEBUG_INFO = NO;
				MTL_FAST_MATH = YES;
				SDKROOT = iphoneos;
				SWIFT_COMPILATION_MODE = wholemodule;
				VALIDATE_PRODUCT = YES;
			};
			name = Release;
		};
		04B5C7142D6067FA007E55C0 /* Debug */ = {
			isa = XCBuildConfiguration;
			buildSettings = {
				ASSETCATALOG_COMPILER_APPICON_NAME = AppIcon;
				ASSETCATALOG_COMPILER_GLOBAL_ACCENT_COLOR_NAME = AccentColor;
				CODE_SIGN_STYLE = Automatic;
				CURRENT_PROJECT_VERSION = 1;
				DEVELOPMENT_ASSET_PATHS = "\"POIFinderApp/Preview Content\"";
				DEVELOPMENT_TEAM = 6ZPB2R3KP8;
				ENABLE_PREVIEWS = YES;
				GENERATE_INFOPLIST_FILE = YES;
				INFOPLIST_KEY_NSLocationAlwaysAndWhenInUseUsageDescription = "We need your location to show nearby places.";
				INFOPLIST_KEY_NSLocationAlwaysUsageDescription = "We need your location to show nearby places even when the app is in the background";
				INFOPLIST_KEY_NSLocationWhenInUseUsageDescription = "We need your location to show nearby places.";
				INFOPLIST_KEY_UIApplicationSceneManifest_Generation = YES;
				INFOPLIST_KEY_UIApplicationSupportsIndirectInputEvents = YES;
				INFOPLIST_KEY_UILaunchScreen_Generation = YES;
				INFOPLIST_KEY_UISupportedInterfaceOrientations_iPad = "UIInterfaceOrientationPortrait UIInterfaceOrientationPortraitUpsideDown UIInterfaceOrientationLandscapeLeft UIInterfaceOrientationLandscapeRight";
				INFOPLIST_KEY_UISupportedInterfaceOrientations_iPhone = "UIInterfaceOrientationPortrait UIInterfaceOrientationLandscapeLeft UIInterfaceOrientationLandscapeRight";
				LD_RUNPATH_SEARCH_PATHS = (
					"$(inherited)",
					"@executable_path/Frameworks",
				);
				MARKETING_VERSION = 1.0;
				PRODUCT_BUNDLE_IDENTIFIER = com.waheedcodes.POIFinderApp;
				PRODUCT_NAME = "$(TARGET_NAME)";
				SWIFT_EMIT_LOC_STRINGS = YES;
				SWIFT_VERSION = 5.0;
				TARGETED_DEVICE_FAMILY = "1,2";
			};
			name = Debug;
		};
		04B5C7152D6067FA007E55C0 /* Release */ = {
			isa = XCBuildConfiguration;
			buildSettings = {
				ASSETCATALOG_COMPILER_APPICON_NAME = AppIcon;
				ASSETCATALOG_COMPILER_GLOBAL_ACCENT_COLOR_NAME = AccentColor;
				CODE_SIGN_STYLE = Automatic;
				CURRENT_PROJECT_VERSION = 1;
				DEVELOPMENT_ASSET_PATHS = "\"POIFinderApp/Preview Content\"";
				DEVELOPMENT_TEAM = 6ZPB2R3KP8;
				ENABLE_PREVIEWS = YES;
				GENERATE_INFOPLIST_FILE = YES;
				INFOPLIST_KEY_NSLocationAlwaysAndWhenInUseUsageDescription = "We need your location to show nearby places.";
				INFOPLIST_KEY_NSLocationAlwaysUsageDescription = "We need your location to show nearby places even when the app is in the background";
				INFOPLIST_KEY_NSLocationWhenInUseUsageDescription = "We need your location to show nearby places.";
				INFOPLIST_KEY_UIApplicationSceneManifest_Generation = YES;
				INFOPLIST_KEY_UIApplicationSupportsIndirectInputEvents = YES;
				INFOPLIST_KEY_UILaunchScreen_Generation = YES;
				INFOPLIST_KEY_UISupportedInterfaceOrientations_iPad = "UIInterfaceOrientationPortrait UIInterfaceOrientationPortraitUpsideDown UIInterfaceOrientationLandscapeLeft UIInterfaceOrientationLandscapeRight";
				INFOPLIST_KEY_UISupportedInterfaceOrientations_iPhone = "UIInterfaceOrientationPortrait UIInterfaceOrientationLandscapeLeft UIInterfaceOrientationLandscapeRight";
				LD_RUNPATH_SEARCH_PATHS = (
					"$(inherited)",
					"@executable_path/Frameworks",
				);
				MARKETING_VERSION = 1.0;
				PRODUCT_BUNDLE_IDENTIFIER = com.waheedcodes.POIFinderApp;
				PRODUCT_NAME = "$(TARGET_NAME)";
				SWIFT_EMIT_LOC_STRINGS = YES;
				SWIFT_VERSION = 5.0;
				TARGETED_DEVICE_FAMILY = "1,2";
			};
			name = Release;
		};
		04B5C7172D6067FA007E55C0 /* Debug */ = {
			isa = XCBuildConfiguration;
			buildSettings = {
				ALWAYS_EMBED_SWIFT_STANDARD_LIBRARIES = YES;
				BUNDLE_LOADER = "$(TEST_HOST)";
				CODE_SIGN_STYLE = Automatic;
				CURRENT_PROJECT_VERSION = 1;
				DEVELOPMENT_TEAM = 6ZPB2R3KP8;
				GENERATE_INFOPLIST_FILE = YES;
				IPHONEOS_DEPLOYMENT_TARGET = 17.2;
				MARKETING_VERSION = 1.0;
				PRODUCT_BUNDLE_IDENTIFIER = com.waheedcodes.POIFinderAppTests;
				PRODUCT_NAME = "$(TARGET_NAME)";
				SWIFT_EMIT_LOC_STRINGS = NO;
				SWIFT_VERSION = 5.0;
				TARGETED_DEVICE_FAMILY = "1,2";
				TEST_HOST = "$(BUILT_PRODUCTS_DIR)/POIFinderApp.app/$(BUNDLE_EXECUTABLE_FOLDER_PATH)/POIFinderApp";
			};
			name = Debug;
		};
		04B5C7182D6067FA007E55C0 /* Release */ = {
			isa = XCBuildConfiguration;
			buildSettings = {
				ALWAYS_EMBED_SWIFT_STANDARD_LIBRARIES = YES;
				BUNDLE_LOADER = "$(TEST_HOST)";
				CODE_SIGN_STYLE = Automatic;
				CURRENT_PROJECT_VERSION = 1;
				DEVELOPMENT_TEAM = 6ZPB2R3KP8;
				GENERATE_INFOPLIST_FILE = YES;
				IPHONEOS_DEPLOYMENT_TARGET = 17.2;
				MARKETING_VERSION = 1.0;
				PRODUCT_BUNDLE_IDENTIFIER = com.waheedcodes.POIFinderAppTests;
				PRODUCT_NAME = "$(TARGET_NAME)";
				SWIFT_EMIT_LOC_STRINGS = NO;
				SWIFT_VERSION = 5.0;
				TARGETED_DEVICE_FAMILY = "1,2";
				TEST_HOST = "$(BUILT_PRODUCTS_DIR)/POIFinderApp.app/$(BUNDLE_EXECUTABLE_FOLDER_PATH)/POIFinderApp";
			};
			name = Release;
		};
		04B5C71A2D6067FA007E55C0 /* Debug */ = {
			isa = XCBuildConfiguration;
			buildSettings = {
				ALWAYS_EMBED_SWIFT_STANDARD_LIBRARIES = YES;
				CODE_SIGN_STYLE = Automatic;
				CURRENT_PROJECT_VERSION = 1;
				DEVELOPMENT_TEAM = 6ZPB2R3KP8;
				GENERATE_INFOPLIST_FILE = YES;
				MARKETING_VERSION = 1.0;
				PRODUCT_BUNDLE_IDENTIFIER = com.waheedcodes.POIFinderAppUITests;
				PRODUCT_NAME = "$(TARGET_NAME)";
				SWIFT_EMIT_LOC_STRINGS = NO;
				SWIFT_VERSION = 5.0;
				TARGETED_DEVICE_FAMILY = "1,2";
				TEST_TARGET_NAME = POIFinderApp;
			};
			name = Debug;
		};
		04B5C71B2D6067FA007E55C0 /* Release */ = {
			isa = XCBuildConfiguration;
			buildSettings = {
				ALWAYS_EMBED_SWIFT_STANDARD_LIBRARIES = YES;
				CODE_SIGN_STYLE = Automatic;
				CURRENT_PROJECT_VERSION = 1;
				DEVELOPMENT_TEAM = 6ZPB2R3KP8;
				GENERATE_INFOPLIST_FILE = YES;
				MARKETING_VERSION = 1.0;
				PRODUCT_BUNDLE_IDENTIFIER = com.waheedcodes.POIFinderAppUITests;
				PRODUCT_NAME = "$(TARGET_NAME)";
				SWIFT_EMIT_LOC_STRINGS = NO;
				SWIFT_VERSION = 5.0;
				TARGETED_DEVICE_FAMILY = "1,2";
				TEST_TARGET_NAME = POIFinderApp;
			};
			name = Release;
		};
/* End XCBuildConfiguration section */

/* Begin XCConfigurationList section */
		04B5C6E52D6067F4007E55C0 /* Build configuration list for PBXProject "POIFinderApp" */ = {
			isa = XCConfigurationList;
			buildConfigurations = (
				04B5C7112D6067FA007E55C0 /* Debug */,
				04B5C7122D6067FA007E55C0 /* Release */,
			);
			defaultConfigurationIsVisible = 0;
			defaultConfigurationName = Release;
		};
		04B5C7132D6067FA007E55C0 /* Build configuration list for PBXNativeTarget "POIFinderApp" */ = {
			isa = XCConfigurationList;
			buildConfigurations = (
				04B5C7142D6067FA007E55C0 /* Debug */,
				04B5C7152D6067FA007E55C0 /* Release */,
			);
			defaultConfigurationIsVisible = 0;
			defaultConfigurationName = Release;
		};
		04B5C7162D6067FA007E55C0 /* Build configuration list for PBXNativeTarget "POIFinderAppTests" */ = {
			isa = XCConfigurationList;
			buildConfigurations = (
				04B5C7172D6067FA007E55C0 /* Debug */,
				04B5C7182D6067FA007E55C0 /* Release */,
			);
			defaultConfigurationIsVisible = 0;
			defaultConfigurationName = Release;
		};
		04B5C7192D6067FA007E55C0 /* Build configuration list for PBXNativeTarget "POIFinderAppUITests" */ = {
			isa = XCConfigurationList;
			buildConfigurations = (
				04B5C71A2D6067FA007E55C0 /* Debug */,
				04B5C71B2D6067FA007E55C0 /* Release */,
			);
			defaultConfigurationIsVisible = 0;
			defaultConfigurationName = Release;
		};
/* End XCConfigurationList section */

/* Begin XCVersionGroup section */
		04B5C6F82D6067F9007E55C0 /* POIFinderApp.xcdatamodeld */ = {
			isa = XCVersionGroup;
			children = (
				04B5C6F92D6067F9007E55C0 /* POIFinderApp.xcdatamodel */,
			);
			currentVersion = 04B5C6F92D6067F9007E55C0 /* POIFinderApp.xcdatamodel */;
			path = POIFinderApp.xcdatamodeld;
			sourceTree = "<group>";
			versionGroupType = wrapper.xcdatamodel;
		};
/* End XCVersionGroup section */
	};
	rootObject = 04B5C6E22D6067F4007E55C0 /* Project object */;
}
